
Microsoft Visual Studio Solution File, Format Version 12.00
# Visual Studio Version 16
VisualStudioVersion = 16.0.28803.916
MinimumVisualStudioVersion = 10.0.40219.1
Project("{FAE04EC0-301F-11D3-BF4B-00C04F79EFBC}") = "Nicolas Ramos", "Nicolas Ramos\Nicolas Ramos.csproj", "{8478A937-D3E3-4C9E-B62A-30E993BD3677}"
EndProject
Global
	GlobalSection(SolutionConfigurationPlatforms) = preSolution
		Debug|Any CPU = Debug|Any CPU
		Release|Any CPU = Release|Any CPU
	EndGlobalSection
	GlobalSection(ProjectConfigurationPlatforms) = postSolution
		{8478A937-D3E3-4C9E-B62A-30E993BD3677}.Debug|Any CPU.ActiveCfg = Debug|Any CPU
		{8478A937-D3E3-4C9E-B62A-30E993BD3677}.Debug|Any CPU.Build.0 = Debug|Any CPU
		{8478A937-D3E3-4C9E-B62A-30E993BD3677}.Release|Any CPU.ActiveCfg = Release|Any CPU
		{8478A937-D3E3-4C9E-B62A-30E993BD3677}.Release|Any CPU.Build.0 = Release|Any CPU
	EndGlobalSection
	GlobalSection(SolutionProperties) = preSolution
		HideSolutionNode = FALSE
	EndGlobalSection
	GlobalSection(ExtensibilityGlobals) = postSolution
		SolutionGuid = {A98EFDD4-5C55-4E7D-B5DE-1C54F3576116}
	EndGlobalSection
EndGlobal
